
Microsoft Visual Studio Solution File, Format Version 12.00
# Visual Studio Version 16
VisualStudioVersion = 16.0.30907.101
MinimumVisualStudioVersion = 10.0.40219.1
Project("{FAE04EC0-301F-11D3-BF4B-00C04F79EFBC}") = "ReferenceTypes", "ReferencesOrnek\ReferenceTypes.csproj", "{11D6F392-38EA-47E6-8999-FB51220B77D1}"
EndProject
Global
	GlobalSection(SolutionConfigurationPlatforms) = preSolution
		Debug|Any CPU = Debug|Any CPU
		Release|Any CPU = Release|Any CPU
	EndGlobalSection
	GlobalSection(ProjectConfigurationPlatforms) = postSolution
		{11D6F392-38EA-47E6-8999-FB51220B77D1}.Debug|Any CPU.ActiveCfg = Debug|Any CPU
		{11D6F392-38EA-47E6-8999-FB51220B77D1}.Debug|Any CPU.Build.0 = Debug|Any CPU
		{11D6F392-38EA-47E6-8999-FB51220B77D1}.Release|Any CPU.ActiveCfg = Release|Any CPU
		{11D6F392-38EA-47E6-8999-FB51220B77D1}.Release|Any CPU.Build.0 = Release|Any CPU
	EndGlobalSection
	GlobalSection(SolutionProperties) = preSolution
		HideSolutionNode = FALSE
	EndGlobalSection
	GlobalSection(ExtensibilityGlobals) = postSolution
		SolutionGuid = {83F1F929-AF0F-49C9-9EC3-CC97B35502A4}
	EndGlobalSection
EndGlobal
